
Microsoft Visual Studio Solution File, Format Version 11.00
# Visual C++ Express 2010
Project("{8BC9CEB8-8B4A-11D0-8D11-00A0C91BC942}") = "FlashDBBuild", "FlashDBBuild.vcxproj", "{72F38FA3-3B77-4404-B2BB-38259ADF990D}"
EndProject
Global
	GlobalSection(SolutionConfigurationPlatforms) = preSolution
		Debug|Win32 = Debug|Win32
		Release|Win32 = Release|Win32
	EndGlobalSection
	GlobalSection(ProjectConfigurationPlatforms) = postSolution
		{72F38FA3-3B77-4404-B2BB-38259ADF990D}.Debug|Win32.ActiveCfg = Debug|Win32
		{72F38FA3-3B77-4404-B2BB-38259ADF990D}.Debug|Win32.Build.0 = Debug|Win32
		{72F38FA3-3B77-4404-B2BB-38259ADF990D}.Release|Win32.ActiveCfg = Release|Win32
		{72F38FA3-3B77-4404-B2BB-38259ADF990D}.Release|Win32.Build.0 = Release|Win32
	EndGlobalSection
	GlobalSection(SolutionProperties) = preSolution
		HideSolutionNode = FALSE
	EndGlobalSection
EndGlobal
